
Microsoft Visual Studio Solution File, Format Version 12.00
# Visual Studio Version 16
VisualStudioVersion = 16.0.33423.256
MinimumVisualStudioVersion = 10.0.40219.1
Project("{FAE04EC0-301F-11D3-BF4B-00C04F79EFBC}") = "LCNRecScheduler", "LCNRecScheduler.csproj", "{27D47E8C-88A9-47E2-ADA7-69649F232852}"
EndProject
Global
	GlobalSection(SolutionConfigurationPlatforms) = preSolution
		Debug|Any CPU = Debug|Any CPU
		Release|Any CPU = Release|Any CPU
	EndGlobalSection
	GlobalSection(ProjectConfigurationPlatforms) = postSolution
		{27D47E8C-88A9-47E2-ADA7-69649F232852}.Debug|Any CPU.ActiveCfg = Debug|Any CPU
		{27D47E8C-88A9-47E2-ADA7-69649F232852}.Debug|Any CPU.Build.0 = Debug|Any CPU
		{27D47E8C-88A9-47E2-ADA7-69649F232852}.Release|Any CPU.ActiveCfg = Release|Any CPU
		{27D47E8C-88A9-47E2-ADA7-69649F232852}.Release|Any CPU.Build.0 = Release|Any CPU
	EndGlobalSection
	GlobalSection(SolutionProperties) = preSolution
		HideSolutionNode = FALSE
	EndGlobalSection
	GlobalSection(ExtensibilityGlobals) = postSolution
		SolutionGuid = {294A5083-4969-4EA2-96FE-1F556B0EC8F1}
	EndGlobalSection
EndGlobal
